
Microsoft Visual Studio Solution File, Format Version 12.00
# Visual Studio Version 16
VisualStudioVersion = 16.0.30104.148
MinimumVisualStudioVersion = 10.0.40219.1
Project("{FAE04EC0-301F-11D3-BF4B-00C04F79EFBC}") = "TestWCFService", "TestWCFService\TestWCFService.csproj", "{50EE9C19-37CB-499B-9532-546F5DDEE753}"
EndProject
Project("{FAE04EC0-301F-11D3-BF4B-00C04F79EFBC}") = "TestWCFHost", "TestWCFHost\TestWCFHost.csproj", "{0F4E67FD-77A7-4495-8F9D-7F35CF5FDC6E}"
EndProject
Project("{FAE04EC0-301F-11D3-BF4B-00C04F79EFBC}") = "TestWCFClient", "TestWCFClient\TestWCFClient.csproj", "{216127B1-AE91-4095-AA97-625907CFC242}"
EndProject
Global
	GlobalSection(SolutionConfigurationPlatforms) = preSolution
		Debug|Any CPU = Debug|Any CPU
		Release|Any CPU = Release|Any CPU
	EndGlobalSection
	GlobalSection(ProjectConfigurationPlatforms) = postSolution
		{50EE9C19-37CB-499B-9532-546F5DDEE753}.Debug|Any CPU.ActiveCfg = Debug|Any CPU
		{50EE9C19-37CB-499B-9532-546F5DDEE753}.Debug|Any CPU.Build.0 = Debug|Any CPU
		{50EE9C19-37CB-499B-9532-546F5DDEE753}.Release|Any CPU.ActiveCfg = Release|Any CPU
		{50EE9C19-37CB-499B-9532-546F5DDEE753}.Release|Any CPU.Build.0 = Release|Any CPU
		{0F4E67FD-77A7-4495-8F9D-7F35CF5FDC6E}.Debug|Any CPU.ActiveCfg = Debug|Any CPU
		{0F4E67FD-77A7-4495-8F9D-7F35CF5FDC6E}.Debug|Any CPU.Build.0 = Debug|Any CPU
		{0F4E67FD-77A7-4495-8F9D-7F35CF5FDC6E}.Release|Any CPU.ActiveCfg = Release|Any CPU
		{0F4E67FD-77A7-4495-8F9D-7F35CF5FDC6E}.Release|Any CPU.Build.0 = Release|Any CPU
		{216127B1-AE91-4095-AA97-625907CFC242}.Debug|Any CPU.ActiveCfg = Debug|Any CPU
		{216127B1-AE91-4095-AA97-625907CFC242}.Debug|Any CPU.Build.0 = Debug|Any CPU
		{216127B1-AE91-4095-AA97-625907CFC242}.Release|Any CPU.ActiveCfg = Release|Any CPU
		{216127B1-AE91-4095-AA97-625907CFC242}.Release|Any CPU.Build.0 = Release|Any CPU
	EndGlobalSection
	GlobalSection(SolutionProperties) = preSolution
		HideSolutionNode = FALSE
	EndGlobalSection
	GlobalSection(ExtensibilityGlobals) = postSolution
		SolutionGuid = {F8FBA72F-1F23-41C2-9523-59888B951FBD}
	EndGlobalSection
EndGlobal
